
Microsoft Visual Studio Solution File, Format Version 12.00
# Visual Studio Version 17
VisualStudioVersion = 17.3.32901.215
MinimumVisualStudioVersion = 10.0.40219.1
Project("{FAE04EC0-301F-11D3-BF4B-00C04F79EFBC}") = "ürün satış", "ürün satış\ürün satış.csproj", "{3F3EBE77-9646-4969-8BF5-40E7EA241ACD}"
EndProject
Global
	GlobalSection(SolutionConfigurationPlatforms) = preSolution
		Debug|Any CPU = Debug|Any CPU
		Release|Any CPU = Release|Any CPU
	EndGlobalSection
	GlobalSection(ProjectConfigurationPlatforms) = postSolution
		{3F3EBE77-9646-4969-8BF5-40E7EA241ACD}.Debug|Any CPU.ActiveCfg = Debug|Any CPU
		{3F3EBE77-9646-4969-8BF5-40E7EA241ACD}.Debug|Any CPU.Build.0 = Debug|Any CPU
		{3F3EBE77-9646-4969-8BF5-40E7EA241ACD}.Release|Any CPU.ActiveCfg = Release|Any CPU
		{3F3EBE77-9646-4969-8BF5-40E7EA241ACD}.Release|Any CPU.Build.0 = Release|Any CPU
	EndGlobalSection
	GlobalSection(SolutionProperties) = preSolution
		HideSolutionNode = FALSE
	EndGlobalSection
	GlobalSection(ExtensibilityGlobals) = postSolution
		SolutionGuid = {B643B63F-7C0E-4F64-AC49-3FB4DEF25730}
	EndGlobalSection
EndGlobal
